
Microsoft Visual Studio Solution File, Format Version 12.00
# Visual Studio Version 17
VisualStudioVersion = 17.10.35027.167
MinimumVisualStudioVersion = 10.0.40219.1
Project("{FAE04EC0-301F-11D3-BF4B-00C04F79EFBC}") = "TDD", "TDD\TDD.csproj", "{93B3C26C-265D-4C6A-9E49-CADAE9BDD511}"
EndProject
Project("{FAE04EC0-301F-11D3-BF4B-00C04F79EFBC}") = "TDD.Tests", "TDD.Tests\TDD.Tests.csproj", "{55AEC0ED-0BEA-4EBC-9AA8-654C7C46A1BE}"
EndProject
Global
	GlobalSection(SolutionConfigurationPlatforms) = preSolution
		Debug|Any CPU = Debug|Any CPU
		Release|Any CPU = Release|Any CPU
	EndGlobalSection
	GlobalSection(ProjectConfigurationPlatforms) = postSolution
		{93B3C26C-265D-4C6A-9E49-CADAE9BDD511}.Debug|Any CPU.ActiveCfg = Debug|Any CPU
		{93B3C26C-265D-4C6A-9E49-CADAE9BDD511}.Debug|Any CPU.Build.0 = Debug|Any CPU
		{93B3C26C-265D-4C6A-9E49-CADAE9BDD511}.Release|Any CPU.ActiveCfg = Release|Any CPU
		{93B3C26C-265D-4C6A-9E49-CADAE9BDD511}.Release|Any CPU.Build.0 = Release|Any CPU
		{55AEC0ED-0BEA-4EBC-9AA8-654C7C46A1BE}.Debug|Any CPU.ActiveCfg = Debug|Any CPU
		{55AEC0ED-0BEA-4EBC-9AA8-654C7C46A1BE}.Debug|Any CPU.Build.0 = Debug|Any CPU
		{55AEC0ED-0BEA-4EBC-9AA8-654C7C46A1BE}.Release|Any CPU.ActiveCfg = Release|Any CPU
		{55AEC0ED-0BEA-4EBC-9AA8-654C7C46A1BE}.Release|Any CPU.Build.0 = Release|Any CPU
	EndGlobalSection
	GlobalSection(SolutionProperties) = preSolution
		HideSolutionNode = FALSE
	EndGlobalSection
	GlobalSection(ExtensibilityGlobals) = postSolution
		SolutionGuid = {C1C863ED-1D3A-4566-BA3F-9BC8AD45822A}
	EndGlobalSection
EndGlobal
